
Microsoft Visual Studio Solution File, Format Version 12.00
# Visual Studio Version 17
VisualStudioVersion = 17.13.35931.197
MinimumVisualStudioVersion = 10.0.40219.1
Project("{FAE04EC0-301F-11D3-BF4B-00C04F79EFBC}") = "01_MainSubjects", "01_MainSubjects\01_MainSubjects.csproj", "{CE27A64A-C43B-4A80-9A0B-D6C74FA99FE8}"
EndProject
Project("{FAE04EC0-301F-11D3-BF4B-00C04F79EFBC}") = "02_Variables", "02_Variables\02_Variables.csproj", "{7D6A9C8B-A0D1-474E-89F6-46D2DB261301}"
EndProject
Global
	GlobalSection(SolutionConfigurationPlatforms) = preSolution
		Debug|Any CPU = Debug|Any CPU
		Release|Any CPU = Release|Any CPU
	EndGlobalSection
	GlobalSection(ProjectConfigurationPlatforms) = postSolution
		{CE27A64A-C43B-4A80-9A0B-D6C74FA99FE8}.Debug|Any CPU.ActiveCfg = Debug|Any CPU
		{CE27A64A-C43B-4A80-9A0B-D6C74FA99FE8}.Debug|Any CPU.Build.0 = Debug|Any CPU
		{CE27A64A-C43B-4A80-9A0B-D6C74FA99FE8}.Release|Any CPU.ActiveCfg = Release|Any CPU
		{CE27A64A-C43B-4A80-9A0B-D6C74FA99FE8}.Release|Any CPU.Build.0 = Release|Any CPU
		{7D6A9C8B-A0D1-474E-89F6-46D2DB261301}.Debug|Any CPU.ActiveCfg = Debug|Any CPU
		{7D6A9C8B-A0D1-474E-89F6-46D2DB261301}.Debug|Any CPU.Build.0 = Debug|Any CPU
		{7D6A9C8B-A0D1-474E-89F6-46D2DB261301}.Release|Any CPU.ActiveCfg = Release|Any CPU
		{7D6A9C8B-A0D1-474E-89F6-46D2DB261301}.Release|Any CPU.Build.0 = Release|Any CPU
	EndGlobalSection
	GlobalSection(SolutionProperties) = preSolution
		HideSolutionNode = FALSE
	EndGlobalSection
	GlobalSection(ExtensibilityGlobals) = postSolution
		SolutionGuid = {FC1DC596-74F7-40CC-9315-CA9109CC891E}
	EndGlobalSection
EndGlobal
